# This file is autogenerated, do not edit; changes may be undone by the next 'dep ensure'.


[[projects]]
  branch = "master"
  digest = "1:0a965d5b13be11c39d3cf35ba43de922765928bdca7e0596aec036d67ef4b5cd"
  name = "github.com/alexbrainman/printer"
  packages = ["."]
  pruneopts = ""
  revision = "345afe414dee601bf59b3ed4fb3e0282a51a5d43"

[[projects]]
  digest = "1:b529f4bf748979caa18b599d40d13e8b6e591a74b340f315ce4f95e119c288c2"
  name = "github.com/boombuler/barcode"
  packages = [
    ".",
    "aztec",
    "codabar",
    "code128",
    "code39",
    "datamatrix",
    "ean",
    "qr",
    "twooffive",
    "utils",
  ]
  pruneopts = ""
  revision = "3cfea5ab600ae37946be2b763b8ec2c1cf2d272d"
  version = "v1.0.0"

[[projects]]
  digest = "1:9c68571071e94742b3cdd6cd3e8356aa7fdd516545c5fc929ebc6e1925550727"
  name = "github.com/brianvoe/gofakeit"
  packages = [
    ".",
    "data",
  ]
  pruneopts = ""
  revision = "19b40d7d6241163eba8b06ddec1041a36db06c54"
  version = "v3.20.2"

[[projects]]
  digest = "1:6098222470fe0172157ce9bbef5d2200df4edde17ee649c5d6e48330e4afa4c6"
  name = "github.com/dgrijalva/jwt-go"
  packages = ["."]
  pruneopts = ""
  revision = "06ea1031745cb8b3dab3f6a236daf2b0aa468b7e"
  version = "v3.2.0"

[[projects]]
  digest = "1:ad92aa49f34cbc3546063c7eb2cabb55ee2278b72842eda80e2a20a8a06a8d73"
  name = "github.com/google/uuid"
  packages = ["."]
  pruneopts = ""
  revision = "0cd6bf5da1e1c83f8b45653022c74f71af0538a4"
  version = "v1.1.1"

[[projects]]
  digest = "1:9e6061d60fb018cec58795a2e645c6012312f8e7db1efaf7db25df5cbf3f7a2e"
  name = "github.com/jinzhu/gorm"
  packages = [
    ".",
    "dialects/postgres",
  ]
  pruneopts = ""
  revision = "81c17a7e2529c59efc4e74c5b32c1fb71fb12fa2"
  version = "v1.9.11"

[[projects]]
  digest = "1:a7b97371fb9af808b6a4fcc6693276ef7869bb1f282c3c87038c6c7e74ef4ae6"
  name = "github.com/jinzhu/inflection"
  packages = ["."]
  pruneopts = ""
  revision = "f5c5f50e6090ae76a29240b61ae2a90dd810112e"
  version = "v1.0.0"

[[projects]]
  digest = "1:bc599edadf3d344d79d465eb3d3c570c9225d821838f35acc973aaad0dcdc843"
  name = "github.com/johnfercher/maroto"
  packages = [
    "internal",
    "pkg/consts",
    "pkg/pdf",
    "pkg/props",
  ]
  pruneopts = ""
  revision = "51992ea68675bb4617919075db082b05fa6ff070"
  version = "v0.21.1"

[[projects]]
  digest = "1:3d7457319824d4b7285d582d9533bb7b16b7a4f2effd07088960bda999f58f3a"
  name = "github.com/jung-kurt/gofpdf"
  packages = [
    ".",
    "contrib/barcode",
  ]
  pruneopts = ""
  revision = "a2a0e7f8a28b2eabe1a32097f0071a0f715a8102"
  version = "v1.16.2"

[[projects]]
  digest = "1:4beb546223497fdc767dd15f2f48e271598817cecda2beaf2ad7bf43282d5bf7"
  name = "github.com/labstack/echo"
  packages = [
    ".",
    "middleware",
  ]
  pruneopts = ""
  revision = "38772c686c76b501f94bd6cd5b77f5842e93b559"
  version = "v3.3.10"

[[projects]]
  digest = "1:a9554efb4c5688083ede9e3df301f2aac7575d48d0fe4d7df5734c9534d73600"
  name = "github.com/labstack/gommon"
  packages = [
    "bytes",
    "color",
    "log",
    "random",
  ]
  pruneopts = ""
  revision = "4919956f6fb227b548f004da27c7c6b20fba499f"
  version = "v0.3.0"

[[projects]]
  digest = "1:f4216047c24ab66fb757045febd7dac4edc6f4ad9f6c0063d0755d654d04f25e"
  name = "github.com/lib/pq"
  packages = [
    ".",
    "hstore",
    "oid",
    "scram",
  ]
  pruneopts = ""
  revision = "3427c32cb71afc948325f299f040e53c1dd78979"
  version = "v1.2.0"

[[projects]]
  digest = "1:9b58ad18b38cf0d44b1d006fce319e45f200eafa406fe7f65fe0d0194b9f7a9f"
  name = "github.com/mattn/go-colorable"
  packages = ["."]
  pruneopts = ""
  revision = "98ec13f34aabf44cc914c65a1cfb7b9bc815aef1"
  version = "v0.1.4"

[[projects]]
  digest = "1:5794dadc5456af270fc564d98efbfa1f3627cd6c733ca772d14409793772064f"
  name = "github.com/mattn/go-isatty"
  packages = ["."]
  pruneopts = ""
  revision = "88ba11cfdc67c7588b30042edf244b2875f892b6"
  version = "v0.0.10"

[[projects]]
  branch = "master"
  digest = "1:c2a0e0f6733d6fed0f68fcef228b8a8aa5c8b0c2d32db1648ea18b14f28a3e02"
  name = "github.com/ruudk/golang-pdf417"
  packages = ["."]
  pruneopts = ""
  revision = "1af4ab5afa58c956c53ed723dee66437498b9415"

[[projects]]
  digest = "1:857a9ecd5cb13379ecc8f798f6e6b6b574c98b9355657d91e068275f1120aaf7"
  name = "github.com/valyala/bytebufferpool"
  packages = ["."]
  pruneopts = ""
  revision = "e746df99fe4a3986f4d4f79e13c1e0117ce9c2f7"
  version = "v1.0.0"

[[projects]]
  digest = "1:c8b536f08002f0916e288eb66b7d961e3a854542f50532255a7c737edd22987a"
  name = "github.com/valyala/fasttemplate"
  packages = ["."]
  pruneopts = ""
  revision = "8fcc7a99b5795b7c3e95172237cf93282fc339a9"
  version = "v1.1.0"

[[projects]]
  branch = "master"
  digest = "1:47cd7b63835b62da6a8c3817fafde2e07aaf952ce170a6ecafedb06946be6ddb"
  name = "golang.org/x/crypto"
  packages = [
    "acme",
    "acme/autocert",
  ]
  pruneopts = ""
  revision = "8986dd9e96cf0a6f74da406c005ba3df38527c04"

[[projects]]
  branch = "master"
  digest = "1:e77333c281709270f3de8b3b2248ff5ae580691c79f5744d9080b35e46018707"
  name = "golang.org/x/net"
  packages = ["idna"]
  pruneopts = ""
  revision = "0deb6923b6d97481cb43bc1043fe5b72a0143032"

[[projects]]
  branch = "master"
  digest = "1:a155b7400cb9270dda3f63651160c0349a9e16855975956c79e618e9f30c160c"
  name = "golang.org/x/sys"
  packages = ["unix"]
  pruneopts = ""
  revision = "f43be2a4598cf3a47be9f94f0c28197ed9eae611"

[[projects]]
  digest = "1:740b51a55815493a8d0f2b1e0d0ae48fe48953bf7eaf3fcc4198823bf67768c0"
  name = "golang.org/x/text"
  packages = [
    "collate",
    "collate/build",
    "internal/colltab",
    "internal/gen",
    "internal/language",
    "internal/language/compact",
    "internal/tag",
    "internal/triegen",
    "internal/ucd",
    "language",
    "secure/bidirule",
    "transform",
    "unicode/bidi",
    "unicode/cldr",
    "unicode/norm",
    "unicode/rangetable",
  ]
  pruneopts = ""
  revision = "342b2e1fbaa52c93f31447ad2c6abc048c63e475"
  version = "v0.3.2"

[solve-meta]
  analyzer-name = "dep"
  analyzer-version = 1
  input-imports = [
    "github.com/alexbrainman/printer",
    "github.com/brianvoe/gofakeit",
    "github.com/google/uuid",
    "github.com/jinzhu/gorm",
    "github.com/jinzhu/gorm/dialects/postgres",
    "github.com/johnfercher/maroto/pkg/consts",
    "github.com/johnfercher/maroto/pkg/pdf",
    "github.com/johnfercher/maroto/pkg/props",
    "github.com/jung-kurt/gofpdf",
    "github.com/labstack/echo",
    "github.com/labstack/echo/middleware",
    "github.com/labstack/gommon/log",
  ]
  solver-name = "gps-cdcl"
  solver-version = 1
