# This file is autogenerated, do not edit; changes may be undone by the next 'dep ensure'.


[[projects]]
  branch = "master"
  name = "github.com/alexbrainman/printer"
  packages = ["."]
  revision = "345afe414dee601bf59b3ed4fb3e0282a51a5d43"

[[projects]]
  name = "github.com/boombuler/barcode"
  packages = [".","aztec","codabar","code128","code39","datamatrix","ean","qr","twooffive","utils"]
  revision = "3cfea5ab600ae37946be2b763b8ec2c1cf2d272d"
  version = "v1.0.0"

[[projects]]
  name = "github.com/brianvoe/gofakeit"
  packages = [".","data"]
  revision = "19b40d7d6241163eba8b06ddec1041a36db06c54"
  version = "v3.20.2"

[[projects]]
  name = "github.com/dgrijalva/jwt-go"
  packages = ["."]
  revision = "06ea1031745cb8b3dab3f6a236daf2b0aa468b7e"
  version = "v3.2.0"

[[projects]]
  name = "github.com/google/uuid"
  packages = ["."]
  revision = "0cd6bf5da1e1c83f8b45653022c74f71af0538a4"
  version = "v1.1.1"

[[projects]]
  name = "github.com/jinzhu/gorm"
  packages = [".","dialects/postgres"]
  revision = "79a77d771dee4e4b60e9c543e8663bbc80466670"
  version = "v1.9.12"

[[projects]]
  name = "github.com/jinzhu/inflection"
  packages = ["."]
  revision = "f5c5f50e6090ae76a29240b61ae2a90dd810112e"
  version = "v1.0.0"

[[projects]]
  name = "github.com/johnfercher/maroto"
  packages = ["internal","pkg/color","pkg/consts","pkg/pdf","pkg/props"]
  revision = "10c95dafdfcb10d71bfe416d4879ec47b10820b9"
  version = "v0.24.1"

[[projects]]
  name = "github.com/jung-kurt/gofpdf"
  packages = [".","contrib/barcode"]
  revision = "a2a0e7f8a28b2eabe1a32097f0071a0f715a8102"
  version = "v1.16.2"

[[projects]]
  name = "github.com/labstack/echo"
  packages = [".","middleware"]
  revision = "38772c686c76b501f94bd6cd5b77f5842e93b559"
  version = "v3.3.10"

[[projects]]
  name = "github.com/labstack/gommon"
  packages = ["bytes","color","log","random"]
  revision = "4919956f6fb227b548f004da27c7c6b20fba499f"
  version = "v0.3.0"

[[projects]]
  name = "github.com/lib/pq"
  packages = [".","hstore","oid","scram"]
  revision = "99274577be97ac9b1d95a2d61d566dc9b7cc6a54"
  version = "v1.3.0"

[[projects]]
  name = "github.com/mattn/go-colorable"
  packages = ["."]
  revision = "68e95eba382c972aafde02ead2cd2426a8a92480"
  version = "v0.1.6"

[[projects]]
  name = "github.com/mattn/go-isatty"
  packages = ["."]
  revision = "7b513a986450394f7bbf1476909911b3aa3a55ce"
  version = "v0.0.12"

[[projects]]
  branch = "master"
  name = "github.com/ruudk/golang-pdf417"
  packages = ["."]
  revision = "1af4ab5afa58c956c53ed723dee66437498b9415"

[[projects]]
  name = "github.com/valyala/bytebufferpool"
  packages = ["."]
  revision = "e746df99fe4a3986f4d4f79e13c1e0117ce9c2f7"
  version = "v1.0.0"

[[projects]]
  name = "github.com/valyala/fasttemplate"
  packages = ["."]
  revision = "8fcc7a99b5795b7c3e95172237cf93282fc339a9"
  version = "v1.1.0"

[[projects]]
  branch = "master"
  name = "golang.org/x/crypto"
  packages = ["acme","acme/autocert"]
  revision = "2aa609cf4a9d7d1126360de73b55b6002f9e052a"

[[projects]]
  branch = "master"
  name = "golang.org/x/net"
  packages = ["idna"]
  revision = "244492dfa37ae2ce87222fd06250a03160745faa"

[[projects]]
  branch = "master"
  name = "golang.org/x/sys"
  packages = ["unix"]
  revision = "c5d0d7b4ec882d5bfaf87b42d8463ca5e7f0bdd9"

[[projects]]
  name = "golang.org/x/text"
  packages = ["collate","collate/build","internal/colltab","internal/gen","internal/language","internal/language/compact","internal/tag","internal/triegen","internal/ucd","language","secure/bidirule","transform","unicode/bidi","unicode/cldr","unicode/norm","unicode/rangetable"]
  revision = "342b2e1fbaa52c93f31447ad2c6abc048c63e475"
  version = "v0.3.2"

[solve-meta]
  analyzer-name = "dep"
  analyzer-version = 1
  inputs-digest = "8ff94b7e5ad45efcb75643553c256a70d6888fc4281b7a2a5edfb15f10037ab6"
  solver-name = "gps-cdcl"
  solver-version = 1
